Microsoft Visual Studio Solution File, Format Version 12.00
# Visual Studio Version 17
VisualStudioVersion = 17.5.2.0
MinimumVisualStudioVersion = 10.0.40219.1
Project("{FAE04EC0-301F-11D3-BF4B-00C04F79EFBC}") = "console_chess", "console_chess.csproj", "{90D9518D-2525-607E-0052-43E549A09ED0}"
EndProject
Project("{FAE04EC0-301F-11D3-BF4B-00C04F79EFBC}") = "Tests", "Tests\Tests.csproj", "{C3089499-796D-4311-B009-A5EE53B86F9E}"
EndProject
Global
	GlobalSection(SolutionConfigurationPlatforms) = preSolution
		Debug|Any CPU = Debug|Any CPU
		Release|Any CPU = Release|Any CPU
	EndGlobalSection
	GlobalSection(ProjectConfigurationPlatforms) = postSolution
		{90D9518D-2525-607E-0052-43E549A09ED0}.Debug|Any CPU.ActiveCfg = Debug|Any CPU
		{90D9518D-2525-607E-0052-43E549A09ED0}.Debug|Any CPU.Build.0 = Debug|Any CPU
		{90D9518D-2525-607E-0052-43E549A09ED0}.Release|Any CPU.ActiveCfg = Release|Any CPU
		{90D9518D-2525-607E-0052-43E549A09ED0}.Release|Any CPU.Build.0 = Release|Any CPU
		{C3089499-796D-4311-B009-A5EE53B86F9E}.Debug|Any CPU.ActiveCfg = Debug|Any CPU
		{C3089499-796D-4311-B009-A5EE53B86F9E}.Debug|Any CPU.Build.0 = Debug|Any CPU
		{C3089499-796D-4311-B009-A5EE53B86F9E}.Release|Any CPU.ActiveCfg = Release|Any CPU
		{C3089499-796D-4311-B009-A5EE53B86F9E}.Release|Any CPU.Build.0 = Release|Any CPU
	EndGlobalSection
	GlobalSection(SolutionProperties) = preSolution
		HideSolutionNode = FALSE
	EndGlobalSection
	GlobalSection(ExtensibilityGlobals) = postSolution
		SolutionGuid = {C9A493CA-2720-46CB-B517-D39285CE90B6}
	EndGlobalSection
EndGlobal
